
Microsoft Visual Studio Solution File, Format Version 12.00
# Visual Studio Version 16
VisualStudioVersion = 16.0.29920.165
MinimumVisualStudioVersion = 10.0.40219.1
Project("{FAE04EC0-301F-11D3-BF4B-00C04F79EFBC}") = "InvoiceGenerator", "InvoiceGenerator.csproj", "{DE9CBC90-E452-4E2F-A47E-2D7476E37B0C}"
EndProject
Project("{FAE04EC0-301F-11D3-BF4B-00C04F79EFBC}") = "TestOfInvoice", "..\TestOfInvoice\TestOfInvoice.csproj", "{455963A2-5C07-4A81-8286-1702836BC0AF}"
EndProject
Global
	GlobalSection(SolutionConfigurationPlatforms) = preSolution
		Debug|Any CPU = Debug|Any CPU
		Release|Any CPU = Release|Any CPU
	EndGlobalSection
	GlobalSection(ProjectConfigurationPlatforms) = postSolution
		{DE9CBC90-E452-4E2F-A47E-2D7476E37B0C}.Debug|Any CPU.ActiveCfg = Debug|Any CPU
		{DE9CBC90-E452-4E2F-A47E-2D7476E37B0C}.Debug|Any CPU.Build.0 = Debug|Any CPU
		{DE9CBC90-E452-4E2F-A47E-2D7476E37B0C}.Release|Any CPU.ActiveCfg = Release|Any CPU
		{DE9CBC90-E452-4E2F-A47E-2D7476E37B0C}.Release|Any CPU.Build.0 = Release|Any CPU
		{455963A2-5C07-4A81-8286-1702836BC0AF}.Debug|Any CPU.ActiveCfg = Debug|Any CPU
		{455963A2-5C07-4A81-8286-1702836BC0AF}.Debug|Any CPU.Build.0 = Debug|Any CPU
		{455963A2-5C07-4A81-8286-1702836BC0AF}.Release|Any CPU.ActiveCfg = Release|Any CPU
		{455963A2-5C07-4A81-8286-1702836BC0AF}.Release|Any CPU.Build.0 = Release|Any CPU
	EndGlobalSection
	GlobalSection(SolutionProperties) = preSolution
		HideSolutionNode = FALSE
	EndGlobalSection
	GlobalSection(ExtensibilityGlobals) = postSolution
		SolutionGuid = {A617DAF2-2334-400D-866B-F1C6ABFD8C0B}
	EndGlobalSection
EndGlobal
